{
  "name": "data",
  "version": "1.0.0",
  "lockfileVersion": 2,
  "requires": true,
  "packages": {
    "": {
      "name": "data",
      "version": "1.0.0",
      "license": "ISC",
      "dependencies": {
        "cheerio": "^1.0.0-rc.10",
        "underscore": "^1.13.2"
      },
      "devDependencies": {
        "convert-units": "^2.3.4",
        "csv-parser": "^3.0.0",
        "geolib": "^3.3.3",
        "replaceall": "^0.1.6"
      }
    },
    "node_modules/boolbase": {
      "version": "1.0.0",
      "resolved": "https://registry.npmjs.org/boolbase/-/boolbase-1.0.0.tgz",
      "integrity": "sha512-JZOSA7Mo9sNGB8+UjSgzdLtokWAky1zbztM3WRLCbZ70/3cTANmQmOdR7y2g+J0e2WXywy1yS468tY+IruqEww=="
    },
    "node_modules/cheerio": {
      "version": "1.0.0-rc.10",
      "resolved": "https://registry.npmjs.org/cheerio/-/cheerio-1.0.0-rc.10.tgz",
      "integrity": "sha512-g0J0q/O6mW8z5zxQ3A8E8J1hUgp4SMOvEoW/x84OwyHKe/Zccz83PVT4y5Crcr530FV6NgmKI1qvGTKVl9XXVw==",
      "dependencies": {
        "cheerio-select": "^1.5.0",
        "dom-serializer": "^1.3.2",
        "domhandler": "^4.2.0",
        "htmlparser2": "^6.1.0",
        "parse5": "^6.0.1",
        "parse5-htmlparser2-tree-adapter": "^6.0.1",
        "tslib": "^2.2.0"
      },
      "engines": {
        "node": ">= 6"
      },
      "funding": {
        "url": "https://github.com/cheeriojs/cheerio?sponsor=1"
      }
    },
    "node_modules/cheerio-select": {
      "version": "1.6.0",
      "resolved": "https://registry.npmjs.org/cheerio-select/-/cheerio-select-1.6.0.tgz",
      "integrity": "sha512-eq0GdBvxVFbqWgmCm7M3XGs1I8oLy/nExUnh6oLqmBditPO9AqQJrkslDpMun/hZ0yyTs8L0m85OHp4ho6Qm9g==",
      "dependencies": {
        "css-select": "^4.3.0",
        "css-what": "^6.0.1",
        "domelementtype": "^2.2.0",
        "domhandler": "^4.3.1",
        "domutils": "^2.8.0"
      },
      "funding": {
        "url": "https://github.com/sponsors/fb55"
      }
    },
    "node_modules/convert-units": {
      "version": "2.3.4",
      "resolved": "https://registry.npmjs.org/convert-units/-/convert-units-2.3.4.tgz",
      "integrity": "sha512-ERHfdA0UhHJp1IpwE6PnFJx8LqG7B1ZjJ20UvVCmopEnVCfER68Tbe3kvN63dLbYXDA2xFWRE6zd4Wsf0w7POg==",
      "dev": true,
      "dependencies": {
        "lodash.foreach": "2.3.x",
        "lodash.keys": "2.3.x"
      }
    },
    "node_modules/css-select": {
      "version": "4.3.0",
      "resolved": "https://registry.npmjs.org/css-select/-/css-select-4.3.0.tgz",
      "integrity": "sha512-wPpOYtnsVontu2mODhA19JrqWxNsfdatRKd64kmpRbQgh1KtItko5sTnEpPdpSaJszTOhEMlF/RPz28qj4HqhQ==",
      "dependencies": {
        "boolbase": "^1.0.0",
        "css-what": "^6.0.1",
        "domhandler": "^4.3.1",
        "domutils": "^2.8.0",
        "nth-check": "^2.0.1"
      },
      "funding": {
        "url": "https://github.com/sponsors/fb55"
      }
    },
    "node_modules/css-what": {
      "version": "6.1.0",
      "resolved": "https://registry.npmjs.org/css-what/-/css-what-6.1.0.tgz",
      "integrity": "sha512-HTUrgRJ7r4dsZKU6GjmpfRK1O76h97Z8MfS1G0FozR+oF2kG6Vfe8JE6zwrkbxigziPHinCJ+gCPjA9EaBDtRw==",
      "engines": {
        "node": ">= 6"
      },
      "funding": {
        "url": "https://github.com/sponsors/fb55"
      }
    },
    "node_modules/csv-parser": {
      "version": "3.0.0",
      "resolved": "https://registry.npmjs.org/csv-parser/-/csv-parser-3.0.0.tgz",
      "integrity": "sha512-s6OYSXAK3IdKqYO33y09jhypG/bSDHPuyCme/IdEHfWpLf/jKcpitVFyOC6UemgGk8v7Q5u2XE0vvwmanxhGlQ==",
      "dev": true,
      "dependencies": {
        "minimist": "^1.2.0"
      },
      "bin": {
        "csv-parser": "bin/csv-parser"
      },
      "engines": {
        "node": ">= 10"
      }
    },
    "node_modules/dom-serializer": {
      "version": "1.4.1",
      "resolved": "https://registry.npmjs.org/dom-serializer/-/dom-serializer-1.4.1.tgz",
      "integrity": "sha512-VHwB3KfrcOOkelEG2ZOfxqLZdfkil8PtJi4P8N2MMXucZq2yLp75ClViUlOVwyoHEDjYU433Aq+5zWP61+RGag==",
      "dependencies": {
        "domelementtype": "^2.0.1",
        "domhandler": "^4.2.0",
        "entities": "^2.0.0"
      },
      "funding": {
        "url": "https://github.com/cheeriojs/dom-serializer?sponsor=1"
      }
    },
    "node_modules/domelementtype": {
      "version": "2.3.0",
      "resolved": "https://registry.npmjs.org/domelementtype/-/domelementtype-2.3.0.tgz",
      "integrity": "sha512-OLETBj6w0OsagBwdXnPdN0cnMfF9opN69co+7ZrbfPGrdpPVNBUj02spi6B1N7wChLQiPn4CSH/zJvXw56gmHw==",
      "funding": [
        {
          "type": "github",
          "url": "https://github.com/sponsors/fb55"
        }
      ]
    },
    "node_modules/domhandler": {
      "version": "4.3.1",
      "resolved": "https://registry.npmjs.org/domhandler/-/domhandler-4.3.1.tgz",
      "integrity": "sha512-GrwoxYN+uWlzO8uhUXRl0P+kHE4GtVPfYzVLcUxPL7KNdHKj66vvlhiweIHqYYXWlw+T8iLMp42Lm67ghw4WMQ==",
      "dependencies": {
        "domelementtype": "^2.2.0"
      },
      "engines": {
        "node": ">= 4"
      },
      "funding": {
        "url": "https://github.com/fb55/domhandler?sponsor=1"
      }
    },
    "node_modules/domutils": {
      "version": "2.8.0",
      "resolved": "https://registry.npmjs.org/domutils/-/domutils-2.8.0.tgz",
      "integrity": "sha512-w96Cjofp72M5IIhpjgobBimYEfoPjx1Vx0BSX9P30WBdZW2WIKU0T1Bd0kz2eNZ9ikjKgHbEyKx8BB6H1L3h3A==",
      "dependencies": {
        "dom-serializer": "^1.0.1",
        "domelementtype": "^2.2.0",
        "domhandler": "^4.2.0"
      },
      "funding": {
        "url": "https://github.com/fb55/domutils?sponsor=1"
      }
    },
    "node_modules/entities": {
      "version": "2.2.0",
      "resolved": "https://registry.npmjs.org/entities/-/entities-2.2.0.tgz",
      "integrity": "sha512-p92if5Nz619I0w+akJrLZH0MX0Pb5DX39XOwQTtXSdQQOaYH03S1uIQp4mhOZtAXrxq4ViO67YTiLBo2638o9A==",
      "funding": {
        "url": "https://github.com/fb55/entities?sponsor=1"
      }
    },
    "node_modules/geolib": {
      "version": "3.3.3",
      "resolved": "https://registry.npmjs.org/geolib/-/geolib-3.3.3.tgz",
      "integrity": "sha512-YO704pzdB/8QQekQuDmFD5uv5RAwAf4rOUPdcMhdEOz+HoPWD0sC7Qqdwb+LAvwIjXVRawx0QgZlocKYh8PFOQ==",
      "dev": true
    },
    "node_modules/htmlparser2": {
      "version": "6.1.0",
      "resolved": "https://registry.npmjs.org/htmlparser2/-/htmlparser2-6.1.0.tgz",
      "integrity": "sha512-gyyPk6rgonLFEDGoeRgQNaEUvdJ4ktTmmUh/h2t7s+M8oPpIPxgNACWa+6ESR57kXstwqPiCut0V8NRpcwgU7A==",
      "funding": [
        "https://github.com/fb55/htmlparser2?sponsor=1",
        {
          "type": "github",
          "url": "https://github.com/sponsors/fb55"
        }
      ],
      "dependencies": {
        "domelementtype": "^2.0.1",
        "domhandler": "^4.0.0",
        "domutils": "^2.5.2",
        "entities": "^2.0.0"
      }
    },
    "node_modules/lodash._basebind": {
      "version": "2.3.0",
      "resolved": "https://registry.npmjs.org/lodash._basebind/-/lodash._basebind-2.3.0.tgz",
      "integrity": "sha1-K1vEUqDhBhQ7IYafIzvbWHQX0kg=",
      "dev": true,
      "dependencies": {
        "lodash._basecreate": "~2.3.0",
        "lodash._setbinddata": "~2.3.0",
        "lodash.isobject": "~2.3.0"
      }
    },
    "node_modules/lodash._basecreate": {
      "version": "2.3.0",
      "resolved": "https://registry.npmjs.org/lodash._basecreate/-/lodash._basecreate-2.3.0.tgz",
      "integrity": "sha1-m4ioak3P97fzxh2Dovz8BnHsneA=",
      "dev": true,
      "dependencies": {
        "lodash._renative": "~2.3.0",
        "lodash.isobject": "~2.3.0",
        "lodash.noop": "~2.3.0"
      }
    },
    "node_modules/lodash._basecreatecallback": {
      "version": "2.3.0",
      "resolved": "https://registry.npmjs.org/lodash._basecreatecallback/-/lodash._basecreatecallback-2.3.0.tgz",
      "integrity": "sha1-N7KrF1kaM56YjbMln81GAZ16w2I=",
      "dev": true,
      "dependencies": {
        "lodash._setbinddata": "~2.3.0",
        "lodash.bind": "~2.3.0",
        "lodash.identity": "~2.3.0",
        "lodash.support": "~2.3.0"
      }
    },
    "node_modules/lodash._basecreatewrapper": {
      "version": "2.3.0",
      "resolved": "https://registry.npmjs.org/lodash._basecreatewrapper/-/lodash._basecreatewrapper-2.3.0.tgz",
      "integrity": "sha1-qgxhrZYETDkzN2ExSDqXWcNlEkc=",
      "dev": true,
      "dependencies": {
        "lodash._basecreate": "~2.3.0",
        "lodash._setbinddata": "~2.3.0",
        "lodash._slice": "~2.3.0",
        "lodash.isobject": "~2.3.0"
      }
    },
    "node_modules/lodash._createwrapper": {
      "version": "2.3.0",
      "resolved": "https://registry.npmjs.org/lodash._createwrapper/-/lodash._createwrapper-2.3.0.tgz",
      "integrity": "sha1-0arhEC2t9EDo4G/BM6bt1/4UYHU=",
      "dev": true,
      "dependencies": {
        "lodash._basebind": "~2.3.0",
        "lodash._basecreatewrapper": "~2.3.0",
        "lodash.isfunction": "~2.3.0"
      }
    },
    "node_modules/lodash._objecttypes": {
      "version": "2.3.0",
      "resolved": "https://registry.npmjs.org/lodash._objecttypes/-/lodash._objecttypes-2.3.0.tgz",
      "integrity": "sha1-aj6jmH3W7rgCGy1cnDA1Scwrrh4=",
      "dev": true
    },
    "node_modules/lodash._renative": {
      "version": "2.3.0",
      "resolved": "https://registry.npmjs.org/lodash._renative/-/lodash._renative-2.3.0.tgz",
      "integrity": "sha1-d9jt1M7SbdWXH54Vpfdy5OMX+9M=",
      "dev": true
    },
    "node_modules/lodash._setbinddata": {
      "version": "2.3.0",
      "resolved": "https://registry.npmjs.org/lodash._setbinddata/-/lodash._setbinddata-2.3.0.tgz",
      "integrity": "sha1-5WEEkKzRMnfVmFjZW18nJ/FQjwQ=",
      "dev": true,
      "dependencies": {
        "lodash._renative": "~2.3.0",
        "lodash.noop": "~2.3.0"
      }
    },
    "node_modules/lodash._shimkeys": {
      "version": "2.3.0",
      "resolved": "https://registry.npmjs.org/lodash._shimkeys/-/lodash._shimkeys-2.3.0.tgz",
      "integrity": "sha1-YR+TFJ4+bHIQlrSHae8pU3rai6k=",
      "dev": true,
      "dependencies": {
        "lodash._objecttypes": "~2.3.0"
      }
    },
    "node_modules/lodash._slice": {
      "version": "2.3.0",
      "resolved": "https://registry.npmjs.org/lodash._slice/-/lodash._slice-2.3.0.tgz",
      "integrity": "sha1-FHGYEyhZly5GgMoppZkshVZpqlw=",
      "dev": true
    },
    "node_modules/lodash.bind": {
      "version": "2.3.0",
      "resolved": "https://registry.npmjs.org/lodash.bind/-/lodash.bind-2.3.0.tgz",
      "integrity": "sha1-wqjhi2jl7MFS4rFoJmEW/qWwFsw=",
      "dev": true,
      "dependencies": {
        "lodash._createwrapper": "~2.3.0",
        "lodash._renative": "~2.3.0",
        "lodash._slice": "~2.3.0"
      }
    },
    "node_modules/lodash.foreach": {
      "version": "2.3.0",
      "resolved": "https://registry.npmjs.org/lodash.foreach/-/lodash.foreach-2.3.0.tgz",
      "integrity": "sha1-CDQEyR6EbudyRf3512UZxosq8Wg=",
      "dev": true,
      "dependencies": {
        "lodash._basecreatecallback": "~2.3.0",
        "lodash.forown": "~2.3.0"
      }
    },
    "node_modules/lodash.forown": {
      "version": "2.3.0",
      "resolved": "https://registry.npmjs.org/lodash.forown/-/lodash.forown-2.3.0.tgz",
      "integrity": "sha1-JPtKr4ANRfwtxgv+w84EyDajrX8=",
      "dev": true,
      "dependencies": {
        "lodash._basecreatecallback": "~2.3.0",
        "lodash._objecttypes": "~2.3.0",
        "lodash.keys": "~2.3.0"
      }
    },
    "node_modules/lodash.identity": {
      "version": "2.3.0",
      "resolved": "https://registry.npmjs.org/lodash.identity/-/lodash.identity-2.3.0.tgz",
      "integrity": "sha1-awGiEMlIU1XCqRO0i2cRIZoXPe0=",
      "dev": true
    },
    "node_modules/lodash.isfunction": {
      "version": "2.3.0",
      "resolved": "https://registry.npmjs.org/lodash.isfunction/-/lodash.isfunction-2.3.0.tgz",
      "integrity": "sha1-aylz5HpkfPEucNZ2rqE2Q3BuUmc=",
      "dev": true
    },
    "node_modules/lodash.isobject": {
      "version": "2.3.0",
      "resolved": "https://registry.npmjs.org/lodash.isobject/-/lodash.isobject-2.3.0.tgz",
      "integrity": "sha1-LhbT/Fg9qYMZaJU/LY5tc0NPZ5k=",
      "dev": true,
      "dependencies": {
        "lodash._objecttypes": "~2.3.0"
      }
    },
    "node_modules/lodash.keys": {
      "version": "2.3.0",
      "resolved": "https://registry.npmjs.org/lodash.keys/-/lodash.keys-2.3.0.tgz",
      "integrity": "sha1-s1D0+Syqn0WkouzwGEVM8vKK4lM=",
      "dev": true,
      "dependencies": {
        "lodash._renative": "~2.3.0",
        "lodash._shimkeys": "~2.3.0",
        "lodash.isobject": "~2.3.0"
      }
    },
    "node_modules/lodash.noop": {
      "version": "2.3.0",
      "resolved": "https://registry.npmjs.org/lodash.noop/-/lodash.noop-2.3.0.tgz",
      "integrity": "sha1-MFnWKNUbv5N80qC2/Dp/ISpmnCw=",
      "dev": true
    },
    "node_modules/lodash.support": {
      "version": "2.3.0",
      "resolved": "https://registry.npmjs.org/lodash.support/-/lodash.support-2.3.0.tgz",
      "integrity": "sha1-fq8DivTw1qq3drRKptz8gDNMm/0=",
      "dev": true,
      "dependencies": {
        "lodash._renative": "~2.3.0"
      }
    },
    "node_modules/minimist": {
      "version": "1.2.6",
      "resolved": "https://registry.npmjs.org/minimist/-/minimist-1.2.6.tgz",
      "integrity": "sha512-Jsjnk4bw3YJqYzbdyBiNsPWHPfO++UGG749Cxs6peCu5Xg4nrena6OVxOYxrQTqww0Jmwt+Ref8rggumkTLz9Q==",
      "dev": true
    },
    "node_modules/nth-check": {
      "version": "2.0.1",
      "resolved": "https://registry.npmjs.org/nth-check/-/nth-check-2.0.1.tgz",
      "integrity": "sha512-it1vE95zF6dTT9lBsYbxvqh0Soy4SPowchj0UBGj/V6cTPnXXtQOPUbhZ6CmGzAD/rW22LQK6E96pcdJXk4A4w==",
      "dependencies": {
        "boolbase": "^1.0.0"
      },
      "funding": {
        "url": "https://github.com/fb55/nth-check?sponsor=1"
      }
    },
    "node_modules/parse5": {
      "version": "6.0.1",
      "resolved": "https://registry.npmjs.org/parse5/-/parse5-6.0.1.tgz",
      "integrity": "sha512-Ofn/CTFzRGTTxwpNEs9PP93gXShHcTq255nzRYSKe8AkVpZY7e1fpmTfOyoIvjP5HG7Z2ZM7VS9PPhQGW2pOpw=="
    },
    "node_modules/parse5-htmlparser2-tree-adapter": {
      "version": "6.0.1",
      "resolved": "https://registry.npmjs.org/parse5-htmlparser2-tree-adapter/-/parse5-htmlparser2-tree-adapter-6.0.1.tgz",
      "integrity": "sha512-qPuWvbLgvDGilKc5BoicRovlT4MtYT6JfJyBOMDsKoiT+GiuP5qyrPCnR9HcPECIJJmZh5jRndyNThnhhb/vlA==",
      "dependencies": {
        "parse5": "^6.0.1"
      }
    },
    "node_modules/replaceall": {
      "version": "0.1.6",
      "resolved": "https://registry.npmjs.org/replaceall/-/replaceall-0.1.6.tgz",
      "integrity": "sha1-gdgax663LX9cSUKt8ml6MiBojY4=",
      "dev": true,
      "engines": {
        "node": ">= 0.8.x"
      }
    },
    "node_modules/tslib": {
      "version": "2.4.0",
      "resolved": "https://registry.npmjs.org/tslib/-/tslib-2.4.0.tgz",
      "integrity": "sha512-d6xOpEDfsi2CZVlPQzGeux8XMwLT9hssAsaPYExaQMuYskwb+x1x7J371tWlbBdWHroy99KnVB6qIkUbs5X3UQ=="
    },
    "node_modules/underscore": {
      "version": "1.13.2",
      "resolved": "https://registry.npmjs.org/underscore/-/underscore-1.13.2.tgz",
      "integrity": "sha512-ekY1NhRzq0B08g4bGuX4wd2jZx5GnKz6mKSqFL4nqBlfyMGiG10gDFhDTMEfYmDL6Jy0FUIZp7wiRB+0BP7J2g=="
    }
  },
  "dependencies": {
    "boolbase": {
      "version": "1.0.0",
      "resolved": "https://registry.npmjs.org/boolbase/-/boolbase-1.0.0.tgz",
      "integrity": "sha512-JZOSA7Mo9sNGB8+UjSgzdLtokWAky1zbztM3WRLCbZ70/3cTANmQmOdR7y2g+J0e2WXywy1yS468tY+IruqEww=="
    },
    "cheerio": {
      "version": "1.0.0-rc.10",
      "resolved": "https://registry.npmjs.org/cheerio/-/cheerio-1.0.0-rc.10.tgz",
      "integrity": "sha512-g0J0q/O6mW8z5zxQ3A8E8J1hUgp4SMOvEoW/x84OwyHKe/Zccz83PVT4y5Crcr530FV6NgmKI1qvGTKVl9XXVw==",
      "requires": {
        "cheerio-select": "^1.5.0",
        "dom-serializer": "^1.3.2",
        "domhandler": "^4.2.0",
        "htmlparser2": "^6.1.0",
        "parse5": "^6.0.1",
        "parse5-htmlparser2-tree-adapter": "^6.0.1",
        "tslib": "^2.2.0"
      }
    },
    "cheerio-select": {
      "version": "1.6.0",
      "resolved": "https://registry.npmjs.org/cheerio-select/-/cheerio-select-1.6.0.tgz",
      "integrity": "sha512-eq0GdBvxVFbqWgmCm7M3XGs1I8oLy/nExUnh6oLqmBditPO9AqQJrkslDpMun/hZ0yyTs8L0m85OHp4ho6Qm9g==",
      "requires": {
        "css-select": "^4.3.0",
        "css-what": "^6.0.1",
        "domelementtype": "^2.2.0",
        "domhandler": "^4.3.1",
        "domutils": "^2.8.0"
      }
    },
    "convert-units": {
      "version": "2.3.4",
      "resolved": "https://registry.npmjs.org/convert-units/-/convert-units-2.3.4.tgz",
      "integrity": "sha512-ERHfdA0UhHJp1IpwE6PnFJx8LqG7B1ZjJ20UvVCmopEnVCfER68Tbe3kvN63dLbYXDA2xFWRE6zd4Wsf0w7POg==",
      "dev": true,
      "requires": {
        "lodash.foreach": "2.3.x",
        "lodash.keys": "2.3.x"
      }
    },
    "css-select": {
      "version": "4.3.0",
      "resolved": "https://registry.npmjs.org/css-select/-/css-select-4.3.0.tgz",
      "integrity": "sha512-wPpOYtnsVontu2mODhA19JrqWxNsfdatRKd64kmpRbQgh1KtItko5sTnEpPdpSaJszTOhEMlF/RPz28qj4HqhQ==",
      "requires": {
        "boolbase": "^1.0.0",
        "css-what": "^6.0.1",
        "domhandler": "^4.3.1",
        "domutils": "^2.8.0",
        "nth-check": "^2.0.1"
      }
    },
    "css-what": {
      "version": "6.1.0",
      "resolved": "https://registry.npmjs.org/css-what/-/css-what-6.1.0.tgz",
      "integrity": "sha512-HTUrgRJ7r4dsZKU6GjmpfRK1O76h97Z8MfS1G0FozR+oF2kG6Vfe8JE6zwrkbxigziPHinCJ+gCPjA9EaBDtRw=="
    },
    "csv-parser": {
      "version": "3.0.0",
      "resolved": "https://registry.npmjs.org/csv-parser/-/csv-parser-3.0.0.tgz",
      "integrity": "sha512-s6OYSXAK3IdKqYO33y09jhypG/bSDHPuyCme/IdEHfWpLf/jKcpitVFyOC6UemgGk8v7Q5u2XE0vvwmanxhGlQ==",
      "dev": true,
      "requires": {
        "minimist": "^1.2.0"
      }
    },
    "dom-serializer": {
      "version": "1.4.1",
      "resolved": "https://registry.npmjs.org/dom-serializer/-/dom-serializer-1.4.1.tgz",
      "integrity": "sha512-VHwB3KfrcOOkelEG2ZOfxqLZdfkil8PtJi4P8N2MMXucZq2yLp75ClViUlOVwyoHEDjYU433Aq+5zWP61+RGag==",
      "requires": {
        "domelementtype": "^2.0.1",
        "domhandler": "^4.2.0",
        "entities": "^2.0.0"
      }
    },
    "domelementtype": {
      "version": "2.3.0",
      "resolved": "https://registry.npmjs.org/domelementtype/-/domelementtype-2.3.0.tgz",
      "integrity": "sha512-OLETBj6w0OsagBwdXnPdN0cnMfF9opN69co+7ZrbfPGrdpPVNBUj02spi6B1N7wChLQiPn4CSH/zJvXw56gmHw=="
    },
    "domhandler": {
      "version": "4.3.1",
      "resolved": "https://registry.npmjs.org/domhandler/-/domhandler-4.3.1.tgz",
      "integrity": "sha512-GrwoxYN+uWlzO8uhUXRl0P+kHE4GtVPfYzVLcUxPL7KNdHKj66vvlhiweIHqYYXWlw+T8iLMp42Lm67ghw4WMQ==",
      "requires": {
        "domelementtype": "^2.2.0"
      }
    },
    "domutils": {
      "version": "2.8.0",
      "resolved": "https://registry.npmjs.org/domutils/-/domutils-2.8.0.tgz",
      "integrity": "sha512-w96Cjofp72M5IIhpjgobBimYEfoPjx1Vx0BSX9P30WBdZW2WIKU0T1Bd0kz2eNZ9ikjKgHbEyKx8BB6H1L3h3A==",
      "requires": {
        "dom-serializer": "^1.0.1",
        "domelementtype": "^2.2.0",
        "domhandler": "^4.2.0"
      }
    },
    "entities": {
      "version": "2.2.0",
      "resolved": "https://registry.npmjs.org/entities/-/entities-2.2.0.tgz",
      "integrity": "sha512-p92if5Nz619I0w+akJrLZH0MX0Pb5DX39XOwQTtXSdQQOaYH03S1uIQp4mhOZtAXrxq4ViO67YTiLBo2638o9A=="
    },
    "geolib": {
      "version": "3.3.3",
      "resolved": "https://registry.npmjs.org/geolib/-/geolib-3.3.3.tgz",
      "integrity": "sha512-YO704pzdB/8QQekQuDmFD5uv5RAwAf4rOUPdcMhdEOz+HoPWD0sC7Qqdwb+LAvwIjXVRawx0QgZlocKYh8PFOQ==",
      "dev": true
    },
    "htmlparser2": {
      "version": "6.1.0",
      "resolved": "https://registry.npmjs.org/htmlparser2/-/htmlparser2-6.1.0.tgz",
      "integrity": "sha512-gyyPk6rgonLFEDGoeRgQNaEUvdJ4ktTmmUh/h2t7s+M8oPpIPxgNACWa+6ESR57kXstwqPiCut0V8NRpcwgU7A==",
      "requires": {
        "domelementtype": "^2.0.1",
        "domhandler": "^4.0.0",
        "domutils": "^2.5.2",
        "entities": "^2.0.0"
      }
    },
    "lodash._basebind": {
      "version": "2.3.0",
      "resolved": "https://registry.npmjs.org/lodash._basebind/-/lodash._basebind-2.3.0.tgz",
      "integrity": "sha1-K1vEUqDhBhQ7IYafIzvbWHQX0kg=",
      "dev": true,
      "requires": {
        "lodash._basecreate": "~2.3.0",
        "lodash._setbinddata": "~2.3.0",
        "lodash.isobject": "~2.3.0"
      }
    },
    "lodash._basecreate": {
      "version": "2.3.0",
      "resolved": "https://registry.npmjs.org/lodash._basecreate/-/lodash._basecreate-2.3.0.tgz",
      "integrity": "sha1-m4ioak3P97fzxh2Dovz8BnHsneA=",
      "dev": true,
      "requires": {
        "lodash._renative": "~2.3.0",
        "lodash.isobject": "~2.3.0",
        "lodash.noop": "~2.3.0"
      }
    },
    "lodash._basecreatecallback": {
      "version": "2.3.0",
      "resolved": "https://registry.npmjs.org/lodash._basecreatecallback/-/lodash._basecreatecallback-2.3.0.tgz",
      "integrity": "sha1-N7KrF1kaM56YjbMln81GAZ16w2I=",
      "dev": true,
      "requires": {
        "lodash._setbinddata": "~2.3.0",
        "lodash.bind": "~2.3.0",
        "lodash.identity": "~2.3.0",
        "lodash.support": "~2.3.0"
      }
    },
    "lodash._basecreatewrapper": {
      "version": "2.3.0",
      "resolved": "https://registry.npmjs.org/lodash._basecreatewrapper/-/lodash._basecreatewrapper-2.3.0.tgz",
      "integrity": "sha1-qgxhrZYETDkzN2ExSDqXWcNlEkc=",
      "dev": true,
      "requires": {
        "lodash._basecreate": "~2.3.0",
        "lodash._setbinddata": "~2.3.0",
        "lodash._slice": "~2.3.0",
        "lodash.isobject": "~2.3.0"
      }
    },
    "lodash._createwrapper": {
      "version": "2.3.0",
      "resolved": "https://registry.npmjs.org/lodash._createwrapper/-/lodash._createwrapper-2.3.0.tgz",
      "integrity": "sha1-0arhEC2t9EDo4G/BM6bt1/4UYHU=",
      "dev": true,
      "requires": {
        "lodash._basebind": "~2.3.0",
        "lodash._basecreatewrapper": "~2.3.0",
        "lodash.isfunction": "~2.3.0"
      }
    },
    "lodash._objecttypes": {
      "version": "2.3.0",
      "resolved": "https://registry.npmjs.org/lodash._objecttypes/-/lodash._objecttypes-2.3.0.tgz",
      "integrity": "sha1-aj6jmH3W7rgCGy1cnDA1Scwrrh4=",
      "dev": true
    },
    "lodash._renative": {
      "version": "2.3.0",
      "resolved": "https://registry.npmjs.org/lodash._renative/-/lodash._renative-2.3.0.tgz",
      "integrity": "sha1-d9jt1M7SbdWXH54Vpfdy5OMX+9M=",
      "dev": true
    },
    "lodash._setbinddata": {
      "version": "2.3.0",
      "resolved": "https://registry.npmjs.org/lodash._setbinddata/-/lodash._setbinddata-2.3.0.tgz",
      "integrity": "sha1-5WEEkKzRMnfVmFjZW18nJ/FQjwQ=",
      "dev": true,
      "requires": {
        "lodash._renative": "~2.3.0",
        "lodash.noop": "~2.3.0"
      }
    },
    "lodash._shimkeys": {
      "version": "2.3.0",
      "resolved": "https://registry.npmjs.org/lodash._shimkeys/-/lodash._shimkeys-2.3.0.tgz",
      "integrity": "sha1-YR+TFJ4+bHIQlrSHae8pU3rai6k=",
      "dev": true,
      "requires": {
        "lodash._objecttypes": "~2.3.0"
      }
    },
    "lodash._slice": {
      "version": "2.3.0",
      "resolved": "https://registry.npmjs.org/lodash._slice/-/lodash._slice-2.3.0.tgz",
      "integrity": "sha1-FHGYEyhZly5GgMoppZkshVZpqlw=",
      "dev": true
    },
    "lodash.bind": {
      "version": "2.3.0",
      "resolved": "https://registry.npmjs.org/lodash.bind/-/lodash.bind-2.3.0.tgz",
      "integrity": "sha1-wqjhi2jl7MFS4rFoJmEW/qWwFsw=",
      "dev": true,
      "requires": {
        "lodash._createwrapper": "~2.3.0",
        "lodash._renative": "~2.3.0",
        "lodash._slice": "~2.3.0"
      }
    },
    "lodash.foreach": {
      "version": "2.3.0",
      "resolved": "https://registry.npmjs.org/lodash.foreach/-/lodash.foreach-2.3.0.tgz",
      "integrity": "sha1-CDQEyR6EbudyRf3512UZxosq8Wg=",
      "dev": true,
      "requires": {
        "lodash._basecreatecallback": "~2.3.0",
        "lodash.forown": "~2.3.0"
      }
    },
    "lodash.forown": {
      "version": "2.3.0",
      "resolved": "https://registry.npmjs.org/lodash.forown/-/lodash.forown-2.3.0.tgz",
      "integrity": "sha1-JPtKr4ANRfwtxgv+w84EyDajrX8=",
      "dev": true,
      "requires": {
        "lodash._basecreatecallback": "~2.3.0",
        "lodash._objecttypes": "~2.3.0",
        "lodash.keys": "~2.3.0"
      }
    },
    "lodash.identity": {
      "version": "2.3.0",
      "resolved": "https://registry.npmjs.org/lodash.identity/-/lodash.identity-2.3.0.tgz",
      "integrity": "sha1-awGiEMlIU1XCqRO0i2cRIZoXPe0=",
      "dev": true
    },
    "lodash.isfunction": {
      "version": "2.3.0",
      "resolved": "https://registry.npmjs.org/lodash.isfunction/-/lodash.isfunction-2.3.0.tgz",
      "integrity": "sha1-aylz5HpkfPEucNZ2rqE2Q3BuUmc=",
      "dev": true
    },
    "lodash.isobject": {
      "version": "2.3.0",
      "resolved": "https://registry.npmjs.org/lodash.isobject/-/lodash.isobject-2.3.0.tgz",
      "integrity": "sha1-LhbT/Fg9qYMZaJU/LY5tc0NPZ5k=",
      "dev": true,
      "requires": {
        "lodash._objecttypes": "~2.3.0"
      }
    },
    "lodash.keys": {
      "version": "2.3.0",
      "resolved": "https://registry.npmjs.org/lodash.keys/-/lodash.keys-2.3.0.tgz",
      "integrity": "sha1-s1D0+Syqn0WkouzwGEVM8vKK4lM=",
      "dev": true,
      "requires": {
        "lodash._renative": "~2.3.0",
        "lodash._shimkeys": "~2.3.0",
        "lodash.isobject": "~2.3.0"
      }
    },
    "lodash.noop": {
      "version": "2.3.0",
      "resolved": "https://registry.npmjs.org/lodash.noop/-/lodash.noop-2.3.0.tgz",
      "integrity": "sha1-MFnWKNUbv5N80qC2/Dp/ISpmnCw=",
      "dev": true
    },
    "lodash.support": {
      "version": "2.3.0",
      "resolved": "https://registry.npmjs.org/lodash.support/-/lodash.support-2.3.0.tgz",
      "integrity": "sha1-fq8DivTw1qq3drRKptz8gDNMm/0=",
      "dev": true,
      "requires": {
        "lodash._renative": "~2.3.0"
      }
    },
    "minimist": {
      "version": "1.2.6",
      "resolved": "https://registry.npmjs.org/minimist/-/minimist-1.2.6.tgz",
      "integrity": "sha512-Jsjnk4bw3YJqYzbdyBiNsPWHPfO++UGG749Cxs6peCu5Xg4nrena6OVxOYxrQTqww0Jmwt+Ref8rggumkTLz9Q==",
      "dev": true
    },
    "nth-check": {
      "version": "2.0.1",
      "resolved": "https://registry.npmjs.org/nth-check/-/nth-check-2.0.1.tgz",
      "integrity": "sha512-it1vE95zF6dTT9lBsYbxvqh0Soy4SPowchj0UBGj/V6cTPnXXtQOPUbhZ6CmGzAD/rW22LQK6E96pcdJXk4A4w==",
      "requires": {
        "boolbase": "^1.0.0"
      }
    },
    "parse5": {
      "version": "6.0.1",
      "resolved": "https://registry.npmjs.org/parse5/-/parse5-6.0.1.tgz",
      "integrity": "sha512-Ofn/CTFzRGTTxwpNEs9PP93gXShHcTq255nzRYSKe8AkVpZY7e1fpmTfOyoIvjP5HG7Z2ZM7VS9PPhQGW2pOpw=="
    },
    "parse5-htmlparser2-tree-adapter": {
      "version": "6.0.1",
      "resolved": "https://registry.npmjs.org/parse5-htmlparser2-tree-adapter/-/parse5-htmlparser2-tree-adapter-6.0.1.tgz",
      "integrity": "sha512-qPuWvbLgvDGilKc5BoicRovlT4MtYT6JfJyBOMDsKoiT+GiuP5qyrPCnR9HcPECIJJmZh5jRndyNThnhhb/vlA==",
      "requires": {
        "parse5": "^6.0.1"
      }
    },
    "replaceall": {
      "version": "0.1.6",
      "resolved": "https://registry.npmjs.org/replaceall/-/replaceall-0.1.6.tgz",
      "integrity": "sha1-gdgax663LX9cSUKt8ml6MiBojY4=",
      "dev": true
    },
    "tslib": {
      "version": "2.4.0",
      "resolved": "https://registry.npmjs.org/tslib/-/tslib-2.4.0.tgz",
      "integrity": "sha512-d6xOpEDfsi2CZVlPQzGeux8XMwLT9hssAsaPYExaQMuYskwb+x1x7J371tWlbBdWHroy99KnVB6qIkUbs5X3UQ=="
    },
    "underscore": {
      "version": "1.13.2",
      "resolved": "https://registry.npmjs.org/underscore/-/underscore-1.13.2.tgz",
      "integrity": "sha512-ekY1NhRzq0B08g4bGuX4wd2jZx5GnKz6mKSqFL4nqBlfyMGiG10gDFhDTMEfYmDL6Jy0FUIZp7wiRB+0BP7J2g=="
    }
  }
}
